
Microsoft Visual Studio Solution File, Format Version 12.00
# Visual Studio Version 17
VisualStudioVersion = 17.5.002.0
MinimumVisualStudioVersion = 10.0.40219.1
Project("{9A19103F-16F7-4668-BE54-9A1E7A4F7556}") = "RazorApp", "RazorApp.csproj", "{C2B3A4AA-C58D-45B6-9261-B4AAE44FC55F}"
EndProject
Global
	GlobalSection(SolutionConfigurationPlatforms) = preSolution
		Debug|Any CPU = Debug|Any CPU
		Release|Any CPU = Release|Any CPU
	EndGlobalSection
	GlobalSection(ProjectConfigurationPlatforms) = postSolution
		{C2B3A4AA-C58D-45B6-9261-B4AAE44FC55F}.Debug|Any CPU.ActiveCfg = Debug|Any CPU
		{C2B3A4AA-C58D-45B6-9261-B4AAE44FC55F}.Debug|Any CPU.Build.0 = Debug|Any CPU
		{C2B3A4AA-C58D-45B6-9261-B4AAE44FC55F}.Release|Any CPU.ActiveCfg = Release|Any CPU
		{C2B3A4AA-C58D-45B6-9261-B4AAE44FC55F}.Release|Any CPU.Build.0 = Release|Any CPU
	EndGlobalSection
	GlobalSection(SolutionProperties) = preSolution
		HideSolutionNode = FALSE
	EndGlobalSection
	GlobalSection(ExtensibilityGlobals) = postSolution
		SolutionGuid = {FD06B222-A5A0-4817-B7A0-675D7682FACB}
	EndGlobalSection
EndGlobal
